// !$*UTF8*$!
{
	archiveVersion = 1;
	classes = {
	};
	objectVersion = 55;
	objects = {

/* Begin PBXBuildFile section */
		262A843627B83DBC00B2DD65 /* AppDelegate.swift in Sources */ = {isa = PBXBuildFile; fileRef = 262A843527B83DBC00B2DD65 /* AppDelegate.swift */; };
		262A843827B83DBC00B2DD65 /* SceneDelegate.swift in Sources */ = {isa = PBXBuildFile; fileRef = 262A843727B83DBC00B2DD65 /* SceneDelegate.swift */; };
		262A843A27B83DBC00B2DD65 /* AuthViewController.swift in Sources */ = {isa = PBXBuildFile; fileRef = 262A843927B83DBC00B2DD65 /* AuthViewController.swift */; };
		262A843D27B83DBC00B2DD65 /* Main.storyboard in Resources */ = {isa = PBXBuildFile; fileRef = 262A843B27B83DBC00B2DD65 /* Main.storyboard */; };
		262A843F27B83DBE00B2DD65 /* Assets.xcassets in Resources */ = {isa = PBXBuildFile; fileRef = 262A843E27B83DBE00B2DD65 /* Assets.xcassets */; };
		262A844227B83DBE00B2DD65 /* LaunchScreen.storyboard in Resources */ = {isa = PBXBuildFile; fileRef = 262A844027B83DBE00B2DD65 /* LaunchScreen.storyboard */; };
		263690CA27BD7D4000B2B159 /* TabBarController.swift in Sources */ = {isa = PBXBuildFile; fileRef = 263690C927BD7D3F00B2B159 /* TabBarController.swift */; };
		263690CC27BD847A00B2B159 /* FriendsTableViewController.swift in Sources */ = {isa = PBXBuildFile; fileRef = 263690CB27BD847A00B2B159 /* FriendsTableViewController.swift */; };
		263690CE27BD84E200B2B159 /* FriendFotoCollectionViewController.swift in Sources */ = {isa = PBXBuildFile; fileRef = 263690CD27BD84E200B2B159 /* FriendFotoCollectionViewController.swift */; };
		263690D027BD865400B2B159 /* GroupsTableViewController.swift in Sources */ = {isa = PBXBuildFile; fileRef = 263690CF27BD865400B2B159 /* GroupsTableViewController.swift */; };
		263690D227BD867100B2B159 /* SearchGroupTableViewController.swift in Sources */ = {isa = PBXBuildFile; fileRef = 263690D127BD867100B2B159 /* SearchGroupTableViewController.swift */; };
		263690D427BD86A900B2B159 /* RegisterViewController.swift in Sources */ = {isa = PBXBuildFile; fileRef = 263690D327BD86A900B2B159 /* RegisterViewController.swift */; };
		26552C2327C026DA00835BB5 /* FriendsTableViewCell.swift in Sources */ = {isa = PBXBuildFile; fileRef = 26552C2227C026DA00835BB5 /* FriendsTableViewCell.swift */; };
		26552C2527C02EAA00835BB5 /* DataBase.swift in Sources */ = {isa = PBXBuildFile; fileRef = 26552C2427C02EA900835BB5 /* DataBase.swift */; };
		26552C2727C02F0600835BB5 /* User.swift in Sources */ = {isa = PBXBuildFile; fileRef = 26552C2627C02F0600835BB5 /* User.swift */; };
		26552C2927C0321A00835BB5 /* Group.swift in Sources */ = {isa = PBXBuildFile; fileRef = 26552C2827C0321A00835BB5 /* Group.swift */; };
		26552C2C27C5550500835BB5 /* FriendCollectionViewCell.swift in Sources */ = {isa = PBXBuildFile; fileRef = 26552C2B27C5550500835BB5 /* FriendCollectionViewCell.swift */; };
		26FD354B27C586D600EF4403 /* extension FriendFotoCollectionView + LayoutSection.swift in Sources */ = {isa = PBXBuildFile; fileRef = 26FD354A27C586D600EF4403 /* extension FriendFotoCollectionView + LayoutSection.swift */; };
		26FD354D27C652F000EF4403 /* GroupsTableViewCell.swift in Sources */ = {isa = PBXBuildFile; fileRef = 26FD354C27C652F000EF4403 /* GroupsTableViewCell.swift */; };
		294B7A99120FC9464282328C /* Pods_HomeWork__AuthWindow_.framework in Frameworks */ = {isa = PBXBuildFile; fileRef = 663150455C33C1500CB6AA0E /* Pods_HomeWork__AuthWindow_.framework */; };
/* End PBXBuildFile section */

/* Begin PBXFileReference section */
		262A843227B83DBC00B2DD65 /* HomeWork (AuthWindow).app */ = {isa = PBXFileReference; explicitFileType = wrapper.application; includeInIndex = 0; path = "HomeWork (AuthWindow).app"; sourceTree = BUILT_PRODUCTS_DIR; };
		262A843527B83DBC00B2DD65 /* AppDelegate.swift */ = {isa = PBXFileReference; lastKnownFileType = sourcecode.swift; path = AppDelegate.swift; sourceTree = "<group>"; };
		262A843727B83DBC00B2DD65 /* SceneDelegate.swift */ = {isa = PBXFileReference; lastKnownFileType = sourcecode.swift; path = SceneDelegate.swift; sourceTree = "<group>"; };
		262A843927B83DBC00B2DD65 /* AuthViewController.swift */ = {isa = PBXFileReference; lastKnownFileType = sourcecode.swift; path = AuthViewController.swift; sourceTree = "<group>"; };
		262A843C27B83DBC00B2DD65 /* Base */ = {isa = PBXFileReference; lastKnownFileType = file.storyboard; name = Base; path = Base.lproj/Main.storyboard; sourceTree = "<group>"; };
		262A843E27B83DBE00B2DD65 /* Assets.xcassets */ = {isa = PBXFileReference; lastKnownFileType = folder.assetcatalog; path = Assets.xcassets; sourceTree = "<group>"; };
		262A844127B83DBE00B2DD65 /* Base */ = {isa = PBXFileReference; lastKnownFileType = file.storyboard; name = Base; path = Base.lproj/LaunchScreen.storyboard; sourceTree = "<group>"; };
		262A844327B83DBE00B2DD65 /* Info.plist */ = {isa = PBXFileReference; lastKnownFileType = text.plist.xml; path = Info.plist; sourceTree = "<group>"; };
		263690C927BD7D3F00B2B159 /* TabBarController.swift */ = {isa = PBXFileReference; lastKnownFileType = sourcecode.swift; path = TabBarController.swift; sourceTree = "<group>"; };
		263690CB27BD847A00B2B159 /* FriendsTableViewController.swift */ = {isa = PBXFileReference; lastKnownFileType = sourcecode.swift; path = FriendsTableViewController.swift; sourceTree = "<group>"; };
		263690CD27BD84E200B2B159 /* FriendFotoCollectionViewController.swift */ = {isa = PBXFileReference; lastKnownFileType = sourcecode.swift; path = FriendFotoCollectionViewController.swift; sourceTree = "<group>"; };
		263690CF27BD865400B2B159 /* GroupsTableViewController.swift */ = {isa = PBXFileReference; lastKnownFileType = sourcecode.swift; path = GroupsTableViewController.swift; sourceTree = "<group>"; };
		263690D127BD867100B2B159 /* SearchGroupTableViewController.swift */ = {isa = PBXFileReference; lastKnownFileType = sourcecode.swift; path = SearchGroupTableViewController.swift; sourceTree = "<group>"; };
		263690D327BD86A900B2B159 /* RegisterViewController.swift */ = {isa = PBXFileReference; lastKnownFileType = sourcecode.swift; path = RegisterViewController.swift; sourceTree = "<group>"; };
		26552C2227C026DA00835BB5 /* FriendsTableViewCell.swift */ = {isa = PBXFileReference; lastKnownFileType = sourcecode.swift; path = FriendsTableViewCell.swift; sourceTree = "<group>"; };
		26552C2427C02EA900835BB5 /* DataBase.swift */ = {isa = PBXFileReference; lastKnownFileType = sourcecode.swift; path = DataBase.swift; sourceTree = "<group>"; };
		26552C2627C02F0600835BB5 /* User.swift */ = {isa = PBXFileReference; lastKnownFileType = sourcecode.swift; path = User.swift; sourceTree = "<group>"; };
		26552C2827C0321A00835BB5 /* Group.swift */ = {isa = PBXFileReference; lastKnownFileType = sourcecode.swift; path = Group.swift; sourceTree = "<group>"; };
		26552C2B27C5550500835BB5 /* FriendCollectionViewCell.swift */ = {isa = PBXFileReference; lastKnownFileType = sourcecode.swift; path = FriendCollectionViewCell.swift; sourceTree = "<group>"; };
		26FD354A27C586D600EF4403 /* extension FriendFotoCollectionView + LayoutSection.swift */ = {isa = PBXFileReference; lastKnownFileType = sourcecode.swift; path = "extension FriendFotoCollectionView + LayoutSection.swift"; sourceTree = "<group>"; };
		26FD354C27C652F000EF4403 /* GroupsTableViewCell.swift */ = {isa = PBXFileReference; lastKnownFileType = sourcecode.swift; path = GroupsTableViewCell.swift; sourceTree = "<group>"; };
		456487FAEFCA1C5084AEA0E5 /* Pods-HomeWork (AuthWindow).release.xcconfig */ = {isa = PBXFileReference; includeInIndex = 1; lastKnownFileType = text.xcconfig; name = "Pods-HomeWork (AuthWindow).release.xcconfig"; path = "Target Support Files/Pods-HomeWork (AuthWindow)/Pods-HomeWork (AuthWindow).release.xcconfig"; sourceTree = "<group>"; };
		663150455C33C1500CB6AA0E /* Pods_HomeWork__AuthWindow_.framework */ = {isa = PBXFileReference; explicitFileType = wrapper.framework; includeInIndex = 0; path = Pods_HomeWork__AuthWindow_.framework; sourceTree = BUILT_PRODUCTS_DIR; };
		A1DE7EA57A092E7656DD7D3E /* Pods-HomeWork (AuthWindow).debug.xcconfig */ = {isa = PBXFileReference; includeInIndex = 1; lastKnownFileType = text.xcconfig; name = "Pods-HomeWork (AuthWindow).debug.xcconfig"; path = "Target Support Files/Pods-HomeWork (AuthWindow)/Pods-HomeWork (AuthWindow).debug.xcconfig"; sourceTree = "<group>"; };
/* End PBXFileReference section */

/* Begin PBXFrameworksBuildPhase section */
		262A842F27B83DBC00B2DD65 /* Frameworks */ = {
			isa = PBXFrameworksBuildPhase;
			buildActionMask = 2147483647;
			files = (
				294B7A99120FC9464282328C /* Pods_HomeWork__AuthWindow_.framework in Frameworks */,
			);
			runOnlyForDeploymentPostprocessing = 0;
		};
/* End PBXFrameworksBuildPhase section */

/* Begin PBXGroup section */
		262A842927B83DBC00B2DD65 = {
			isa = PBXGroup;
			children = (
				262A843427B83DBC00B2DD65 /* HomeWork (AuthWindow) */,
				262A843327B83DBC00B2DD65 /* Products */,
				97553F6DE18BA29D31A24FFF /* Pods */,
				DD60BB03E58B89CD49A3B8DF /* Frameworks */,
			);
			sourceTree = "<group>";
		};
		262A843327B83DBC00B2DD65 /* Products */ = {
			isa = PBXGroup;
			children = (
				262A843227B83DBC00B2DD65 /* HomeWork (AuthWindow).app */,
			);
			name = Products;
			sourceTree = "<group>";
		};
		262A843427B83DBC00B2DD65 /* HomeWork (AuthWindow) */ = {
			isa = PBXGroup;
			children = (
				262A844927B83E1100B2DD65 /* Models */,
				262A844B27B83E2B00B2DD65 /* Views */,
				262A844A27B83E1600B2DD65 /* Controllers */,
				26552C2A27C44AF200835BB5 /* ViewCell */,
				26FD354927C5869800EF4403 /* extensions */,
				262A844C27B83E3400B2DD65 /* Boards */,
				262A844D27B83E6D00B2DD65 /* Supports */,
				262A843E27B83DBE00B2DD65 /* Assets.xcassets */,
				262A844327B83DBE00B2DD65 /* Info.plist */,
			);
			path = "HomeWork (AuthWindow)";
			sourceTree = "<group>";
		};
		262A844927B83E1100B2DD65 /* Models */ = {
			isa = PBXGroup;
			children = (
				26552C2627C02F0600835BB5 /* User.swift */,
				26552C2827C0321A00835BB5 /* Group.swift */,
			);
			path = Models;
			sourceTree = "<group>";
		};
		262A844A27B83E1600B2DD65 /* Controllers */ = {
			isa = PBXGroup;
			children = (
				262A843927B83DBC00B2DD65 /* AuthViewController.swift */,
				263690C927BD7D3F00B2B159 /* TabBarController.swift */,
				263690CB27BD847A00B2B159 /* FriendsTableViewController.swift */,
				263690CD27BD84E200B2B159 /* FriendFotoCollectionViewController.swift */,
				263690CF27BD865400B2B159 /* GroupsTableViewController.swift */,
				263690D127BD867100B2B159 /* SearchGroupTableViewController.swift */,
				263690D327BD86A900B2B159 /* RegisterViewController.swift */,
			);
			path = Controllers;
			sourceTree = "<group>";
		};
		262A844B27B83E2B00B2DD65 /* Views */ = {
			isa = PBXGroup;
			children = (
			);
			path = Views;
			sourceTree = "<group>";
		};
		262A844C27B83E3400B2DD65 /* Boards */ = {
			isa = PBXGroup;
			children = (
				262A843B27B83DBC00B2DD65 /* Main.storyboard */,
				262A844027B83DBE00B2DD65 /* LaunchScreen.storyboard */,
			);
			path = Boards;
			sourceTree = "<group>";
		};
		262A844D27B83E6D00B2DD65 /* Supports */ = {
			isa = PBXGroup;
			children = (
				262A843527B83DBC00B2DD65 /* AppDelegate.swift */,
				262A843727B83DBC00B2DD65 /* SceneDelegate.swift */,
				26552C2427C02EA900835BB5 /* DataBase.swift */,
			);
			path = Supports;
			sourceTree = "<group>";
		};
		26552C2A27C44AF200835BB5 /* ViewCell */ = {
			isa = PBXGroup;
			children = (
				26552C2227C026DA00835BB5 /* FriendsTableViewCell.swift */,
				26552C2B27C5550500835BB5 /* FriendCollectionViewCell.swift */,
				26FD354C27C652F000EF4403 /* GroupsTableViewCell.swift */,
			);
			path = ViewCell;
			sourceTree = "<group>";
		};
		26FD354927C5869800EF4403 /* extensions */ = {
			isa = PBXGroup;
			children = (
				26FD354A27C586D600EF4403 /* extension FriendFotoCollectionView + LayoutSection.swift */,
			);
			path = extensions;
			sourceTree = "<group>";
		};
		97553F6DE18BA29D31A24FFF /* Pods */ = {
			isa = PBXGroup;
			children = (
				A1DE7EA57A092E7656DD7D3E /* Pods-HomeWork (AuthWindow).debug.xcconfig */,
				456487FAEFCA1C5084AEA0E5 /* Pods-HomeWork (AuthWindow).release.xcconfig */,
			);
			path = Pods;
			sourceTree = "<group>";
		};
		DD60BB03E58B89CD49A3B8DF /* Frameworks */ = {
			isa = PBXGroup;
			children = (
				663150455C33C1500CB6AA0E /* Pods_HomeWork__AuthWindow_.framework */,
			);
			name = Frameworks;
			sourceTree = "<group>";
		};
/* End PBXGroup section */

/* Begin PBXNativeTarget section */
		262A843127B83DBC00B2DD65 /* HomeWork (AuthWindow) */ = {
			isa = PBXNativeTarget;
			buildConfigurationList = 262A844627B83DBE00B2DD65 /* Build configuration list for PBXNativeTarget "HomeWork (AuthWindow)" */;
			buildPhases = (
				A17AF57EA37745EECF30D589 /* [CP] Check Pods Manifest.lock */,
				262A842E27B83DBC00B2DD65 /* Sources */,
				262A842F27B83DBC00B2DD65 /* Frameworks */,
				262A843027B83DBC00B2DD65 /* Resources */,
				744618C47470EB33441D580A /* [CP] Embed Pods Frameworks */,
			);
			buildRules = (
			);
			dependencies = (
			);
			name = "HomeWork (AuthWindow)";
			productName = "HomeWork (AuthWindow)";
			productReference = 262A843227B83DBC00B2DD65 /* HomeWork (AuthWindow).app */;
			productType = "com.apple.product-type.application";
		};
/* End PBXNativeTarget section */

/* Begin PBXProject section */
		262A842A27B83DBC00B2DD65 /* Project object */ = {
			isa = PBXProject;
			attributes = {
				BuildIndependentTargetsInParallel = 1;
				LastSwiftUpdateCheck = 1320;
				LastUpgradeCheck = 1320;
				TargetAttributes = {
					262A843127B83DBC00B2DD65 = {
						CreatedOnToolsVersion = 13.2.1;
					};
				};
			};
			buildConfigurationList = 262A842D27B83DBC00B2DD65 /* Build configuration list for PBXProject "HomeWork (AuthWindow)" */;
			compatibilityVersion = "Xcode 13.0";
			developmentRegion = en;
			hasScannedForEncodings = 0;
			knownRegions = (
				en,
				Base,
			);
			mainGroup = 262A842927B83DBC00B2DD65;
			productRefGroup = 262A843327B83DBC00B2DD65 /* Products */;
			projectDirPath = "";
			projectRoot = "";
			targets = (
				262A843127B83DBC00B2DD65 /* HomeWork (AuthWindow) */,
			);
		};
/* End PBXProject section */

/* Begin PBXResourcesBuildPhase section */
		262A843027B83DBC00B2DD65 /* Resources */ = {
			isa = PBXResourcesBuildPhase;
			buildActionMask = 2147483647;
			files = (
				262A844227B83DBE00B2DD65 /* LaunchScreen.storyboard in Resources */,
				262A843F27B83DBE00B2DD65 /* Assets.xcassets in Resources */,
				262A843D27B83DBC00B2DD65 /* Main.storyboard in Resources */,
			);
			runOnlyForDeploymentPostprocessing = 0;
		};
/* End PBXResourcesBuildPhase section */

/* Begin PBXShellScriptBuildPhase section */
		744618C47470EB33441D580A /* [CP] Embed Pods Frameworks */ = {
			isa = PBXShellScriptBuildPhase;
			buildActionMask = 2147483647;
			files = (
			);
			inputFileListPaths = (
				"${PODS_ROOT}/Target Support Files/Pods-HomeWork (AuthWindow)/Pods-HomeWork (AuthWindow)-frameworks-${CONFIGURATION}-input-files.xcfilelist",
			);
			name = "[CP] Embed Pods Frameworks";
			outputFileListPaths = (
				"${PODS_ROOT}/Target Support Files/Pods-HomeWork (AuthWindow)/Pods-HomeWork (AuthWindow)-frameworks-${CONFIGURATION}-output-files.xcfilelist",
			);
			runOnlyForDeploymentPostprocessing = 0;
			shellPath = /bin/sh;
			shellScript = "\"${PODS_ROOT}/Target Support Files/Pods-HomeWork (AuthWindow)/Pods-HomeWork (AuthWindow)-frameworks.sh\"\n";
			showEnvVarsInLog = 0;
		};
		A17AF57EA37745EECF30D589 /* [CP] Check Pods Manifest.lock */ = {
			isa = PBXShellScriptBuildPhase;
			buildActionMask = 2147483647;
			files = (
			);
			inputFileListPaths = (
			);
			inputPaths = (
				"${PODS_PODFILE_DIR_PATH}/Podfile.lock",
				"${PODS_ROOT}/Manifest.lock",
			);
			name = "[CP] Check Pods Manifest.lock";
			outputFileListPaths = (
			);
			outputPaths = (
				"$(DERIVED_FILE_DIR)/Pods-HomeWork (AuthWindow)-checkManifestLockResult.txt",
			);
			runOnlyForDeploymentPostprocessing = 0;
			shellPath = /bin/sh;
			shellScript = "diff \"${PODS_PODFILE_DIR_PATH}/Podfile.lock\" \"${PODS_ROOT}/Manifest.lock\" > /dev/null\nif [ $? != 0 ] ; then\n    # print error to STDERR\n    echo \"error: The sandbox is not in sync with the Podfile.lock. Run 'pod install' or update your CocoaPods installation.\" >&2\n    exit 1\nfi\n# This output is used by Xcode 'outputs' to avoid re-running this script phase.\necho \"SUCCESS\" > \"${SCRIPT_OUTPUT_FILE_0}\"\n";
			showEnvVarsInLog = 0;
		};
/* End PBXShellScriptBuildPhase section */

/* Begin PBXSourcesBuildPhase section */
		262A842E27B83DBC00B2DD65 /* Sources */ = {
			isa = PBXSourcesBuildPhase;
			buildActionMask = 2147483647;
			files = (
				263690D427BD86A900B2B159 /* RegisterViewController.swift in Sources */,
				263690CA27BD7D4000B2B159 /* TabBarController.swift in Sources */,
				263690D227BD867100B2B159 /* SearchGroupTableViewController.swift in Sources */,
				263690CC27BD847A00B2B159 /* FriendsTableViewController.swift in Sources */,
				262A843A27B83DBC00B2DD65 /* AuthViewController.swift in Sources */,
				262A843627B83DBC00B2DD65 /* AppDelegate.swift in Sources */,
				26552C2927C0321A00835BB5 /* Group.swift in Sources */,
				26FD354D27C652F000EF4403 /* GroupsTableViewCell.swift in Sources */,
				26552C2527C02EAA00835BB5 /* DataBase.swift in Sources */,
				26FD354B27C586D600EF4403 /* extension FriendFotoCollectionView + LayoutSection.swift in Sources */,
				263690D027BD865400B2B159 /* GroupsTableViewController.swift in Sources */,
				26552C2727C02F0600835BB5 /* User.swift in Sources */,
				26552C2C27C5550500835BB5 /* FriendCollectionViewCell.swift in Sources */,
				26552C2327C026DA00835BB5 /* FriendsTableViewCell.swift in Sources */,
				263690CE27BD84E200B2B159 /* FriendFotoCollectionViewController.swift in Sources */,
				262A843827B83DBC00B2DD65 /* SceneDelegate.swift in Sources */,
			);
			runOnlyForDeploymentPostprocessing = 0;
		};
/* End PBXSourcesBuildPhase section */

/* Begin PBXVariantGroup section */
		262A843B27B83DBC00B2DD65 /* Main.storyboard */ = {
			isa = PBXVariantGroup;
			children = (
				262A843C27B83DBC00B2DD65 /* Base */,
			);
			name = Main.storyboard;
			sourceTree = "<group>";
		};
		262A844027B83DBE00B2DD65 /* LaunchScreen.storyboard */ = {
			isa = PBXVariantGroup;
			children = (
				262A844127B83DBE00B2DD65 /* Base */,
			);
			name = LaunchScreen.storyboard;
			sourceTree = "<group>";
		};
/* End PBXVariantGroup section */

/* Begin XCBuildConfiguration section */
		262A844427B83DBE00B2DD65 /* Debug */ = {
			isa = XCBuildConfiguration;
			buildSettings = {
				ALWAYS_SEARCH_USER_PATHS = NO;
				CLANG_ANALYZER_NONNULL = YES;
				CLANG_ANALYZER_NUMBER_OBJECT_CONVERSION = YES_AGGRESSIVE;
				CLANG_CXX_LANGUAGE_STANDARD = "gnu++17";
				CLANG_CXX_LIBRARY = "libc++";
				CLANG_ENABLE_MODULES = YES;
				CLANG_ENABLE_OBJC_ARC = YES;
				CLANG_ENABLE_OBJC_WEAK = YES;
				CLANG_WARN_BLOCK_CAPTURE_AUTORELEASING = YES;
				CLANG_WARN_BOOL_CONVERSION = YES;
				CLANG_WARN_COMMA = YES;
				CLANG_WARN_CONSTANT_CONVERSION = YES;
				CLANG_WARN_DEPRECATED_OBJC_IMPLEMENTATIONS = YES;
				CLANG_WARN_DIRECT_OBJC_ISA_USAGE = YES_ERROR;
				CLANG_WARN_DOCUMENTATION_COMMENTS = YES;
				CLANG_WARN_EMPTY_BODY = YES;
				CLANG_WARN_ENUM_CONVERSION = YES;
				CLANG_WARN_INFINITE_RECURSION = YES;
				CLANG_WARN_INT_CONVERSION = YES;
				CLANG_WARN_NON_LITERAL_NULL_CONVERSION = YES;
				CLANG_WARN_OBJC_IMPLICIT_RETAIN_SELF = YES;
				CLANG_WARN_OBJC_LITERAL_CONVERSION = YES;
				CLANG_WARN_OBJC_ROOT_CLASS = YES_ERROR;
				CLANG_WARN_QUOTED_INCLUDE_IN_FRAMEWORK_HEADER = YES;
				CLANG_WARN_RANGE_LOOP_ANALYSIS = YES;
				CLANG_WARN_STRICT_PROTOTYPES = YES;
				CLANG_WARN_SUSPICIOUS_MOVE = YES;
				CLANG_WARN_UNGUARDED_AVAILABILITY = YES_AGGRESSIVE;
				CLANG_WARN_UNREACHABLE_CODE = YES;
				CLANG_WARN__DUPLICATE_METHOD_MATCH = YES;
				COPY_PHASE_STRIP = NO;
				DEBUG_INFORMATION_FORMAT = dwarf;
				ENABLE_STRICT_OBJC_MSGSEND = YES;
				ENABLE_TESTABILITY = YES;
				GCC_C_LANGUAGE_STANDARD = gnu11;
				GCC_DYNAMIC_NO_PIC = NO;
				GCC_NO_COMMON_BLOCKS = YES;
				GCC_OPTIMIZATION_LEVEL = 0;
				GCC_PREPROCESSOR_DEFINITIONS = (
					"DEBUG=1",
					"$(inherited)",
				);
				GCC_WARN_64_TO_32_BIT_CONVERSION = YES;
				GCC_WARN_ABOUT_RETURN_TYPE = YES_ERROR;
				GCC_WARN_UNDECLARED_SELECTOR = YES;
				GCC_WARN_UNINITIALIZED_AUTOS = YES_AGGRESSIVE;
				GCC_WARN_UNUSED_FUNCTION = YES;
				GCC_WARN_UNUSED_VARIABLE = YES;
				IPHONEOS_DEPLOYMENT_TARGET = 15.2;
				MTL_ENABLE_DEBUG_INFO = INCLUDE_SOURCE;
				MTL_FAST_MATH = YES;
				ONLY_ACTIVE_ARCH = YES;
				SDKROOT = iphoneos;
				SWIFT_ACTIVE_COMPILATION_CONDITIONS = DEBUG;
				SWIFT_OPTIMIZATION_LEVEL = "-Onone";
			};
			name = Debug;
		};
		262A844527B83DBE00B2DD65 /* Release */ = {
			isa = XCBuildConfiguration;
			buildSettings = {
				ALWAYS_SEARCH_USER_PATHS = NO;
				CLANG_ANALYZER_NONNULL = YES;
				CLANG_ANALYZER_NUMBER_OBJECT_CONVERSION = YES_AGGRESSIVE;
				CLANG_CXX_LANGUAGE_STANDARD = "gnu++17";
				CLANG_CXX_LIBRARY = "libc++";
				CLANG_ENABLE_MODULES = YES;
				CLANG_ENABLE_OBJC_ARC = YES;
				CLANG_ENABLE_OBJC_WEAK = YES;
				CLANG_WARN_BLOCK_CAPTURE_AUTORELEASING = YES;
				CLANG_WARN_BOOL_CONVERSION = YES;
				CLANG_WARN_COMMA = YES;
				CLANG_WARN_CONSTANT_CONVERSION = YES;
				CLANG_WARN_DEPRECATED_OBJC_IMPLEMENTATIONS = YES;
				CLANG_WARN_DIRECT_OBJC_ISA_USAGE = YES_ERROR;
				CLANG_WARN_DOCUMENTATION_COMMENTS = YES;
				CLANG_WARN_EMPTY_BODY = YES;
				CLANG_WARN_ENUM_CONVERSION = YES;
				CLANG_WARN_INFINITE_RECURSION = YES;
				CLANG_WARN_INT_CONVERSION = YES;
				CLANG_WARN_NON_LITERAL_NULL_CONVERSION = YES;
				CLANG_WARN_OBJC_IMPLICIT_RETAIN_SELF = YES;
				CLANG_WARN_OBJC_LITERAL_CONVERSION = YES;
				CLANG_WARN_OBJC_ROOT_CLASS = YES_ERROR;
				CLANG_WARN_QUOTED_INCLUDE_IN_FRAMEWORK_HEADER = YES;
				CLANG_WARN_RANGE_LOOP_ANALYSIS = YES;
				CLANG_WARN_STRICT_PROTOTYPES = YES;
				CLANG_WARN_SUSPICIOUS_MOVE = YES;
				CLANG_WARN_UNGUARDED_AVAILABILITY = YES_AGGRESSIVE;
				CLANG_WARN_UNREACHABLE_CODE = YES;
				CLANG_WARN__DUPLICATE_METHOD_MATCH = YES;
				COPY_PHASE_STRIP = NO;
				DEBUG_INFORMATION_FORMAT = "dwarf-with-dsym";
				ENABLE_NS_ASSERTIONS = NO;
				ENABLE_STRICT_OBJC_MSGSEND = YES;
				GCC_C_LANGUAGE_STANDARD = gnu11;
				GCC_NO_COMMON_BLOCKS = YES;
				GCC_WARN_64_TO_32_BIT_CONVERSION = YES;
				GCC_WARN_ABOUT_RETURN_TYPE = YES_ERROR;
				GCC_WARN_UNDECLARED_SELECTOR = YES;
				GCC_WARN_UNINITIALIZED_AUTOS = YES_AGGRESSIVE;
				GCC_WARN_UNUSED_FUNCTION = YES;
				GCC_WARN_UNUSED_VARIABLE = YES;
				IPHONEOS_DEPLOYMENT_TARGET = 15.2;
				MTL_ENABLE_DEBUG_INFO = NO;
				MTL_FAST_MATH = YES;
				SDKROOT = iphoneos;
				SWIFT_COMPILATION_MODE = wholemodule;
				SWIFT_OPTIMIZATION_LEVEL = "-O";
				VALIDATE_PRODUCT = YES;
			};
			name = Release;
		};
		262A844727B83DBE00B2DD65 /* Debug */ = {
			isa = XCBuildConfiguration;
			baseConfigurationReference = A1DE7EA57A092E7656DD7D3E /* Pods-HomeWork (AuthWindow).debug.xcconfig */;
			buildSettings = {
				ASSETCATALOG_COMPILER_APPICON_NAME = AppIcon;
				ASSETCATALOG_COMPILER_GLOBAL_ACCENT_COLOR_NAME = AccentColor;
				CODE_SIGN_STYLE = Automatic;
				CURRENT_PROJECT_VERSION = 1;
				DEVELOPMENT_TEAM = 24B874XQFK;
				GENERATE_INFOPLIST_FILE = YES;
				INFOPLIST_FILE = "HomeWork (AuthWindow)/Info.plist";
				INFOPLIST_KEY_UIApplicationSupportsIndirectInputEvents = YES;
				INFOPLIST_KEY_UILaunchStoryboardName = LaunchScreen;
				INFOPLIST_KEY_UIMainStoryboardFile = LaunchScreen;
				INFOPLIST_KEY_UISupportedInterfaceOrientations_iPad = "UIInterfaceOrientationPortrait UIInterfaceOrientationPortraitUpsideDown UIInterfaceOrientationLandscapeLeft UIInterfaceOrientationLandscapeRight";
				INFOPLIST_KEY_UISupportedInterfaceOrientations_iPhone = "UIInterfaceOrientationPortrait UIInterfaceOrientationLandscapeLeft UIInterfaceOrientationLandscapeRight";
				LD_RUNPATH_SEARCH_PATHS = (
					"$(inherited)",
					"@executable_path/Frameworks",
				);
				MARKETING_VERSION = 1.0.0;
				PRODUCT_BUNDLE_IDENTIFIER = "elixz57-gmail.com.HomeWork--AuthWindow-";
				PRODUCT_NAME = "$(TARGET_NAME)";
				SWIFT_EMIT_LOC_STRINGS = YES;
				SWIFT_VERSION = 5.0;
				TARGETED_DEVICE_FAMILY = "1,2";
			};
			name = Debug;
		};
		262A844827B83DBE00B2DD65 /* Release */ = {
			isa = XCBuildConfiguration;
			baseConfigurationReference = 456487FAEFCA1C5084AEA0E5 /* Pods-HomeWork (AuthWindow).release.xcconfig */;
			buildSettings = {
				ASSETCATALOG_COMPILER_APPICON_NAME = AppIcon;
				ASSETCATALOG_COMPILER_GLOBAL_ACCENT_COLOR_NAME = AccentColor;
				CODE_SIGN_STYLE = Automatic;
				CURRENT_PROJECT_VERSION = 1;
				DEVELOPMENT_TEAM = 24B874XQFK;
				GENERATE_INFOPLIST_FILE = YES;
				INFOPLIST_FILE = "HomeWork (AuthWindow)/Info.plist";
				INFOPLIST_KEY_UIApplicationSupportsIndirectInputEvents = YES;
				INFOPLIST_KEY_UILaunchStoryboardName = LaunchScreen;
				INFOPLIST_KEY_UIMainStoryboardFile = LaunchScreen;
				INFOPLIST_KEY_UISupportedInterfaceOrientations_iPad = "UIInterfaceOrientationPortrait UIInterfaceOrientationPortraitUpsideDown UIInterfaceOrientationLandscapeLeft UIInterfaceOrientationLandscapeRight";
				INFOPLIST_KEY_UISupportedInterfaceOrientations_iPhone = "UIInterfaceOrientationPortrait UIInterfaceOrientationLandscapeLeft UIInterfaceOrientationLandscapeRight";
				LD_RUNPATH_SEARCH_PATHS = (
					"$(inherited)",
					"@executable_path/Frameworks",
				);
				MARKETING_VERSION = 1.0.0;
				PRODUCT_BUNDLE_IDENTIFIER = "elixz57-gmail.com.HomeWork--AuthWindow-";
				PRODUCT_NAME = "$(TARGET_NAME)";
				SWIFT_EMIT_LOC_STRINGS = YES;
				SWIFT_VERSION = 5.0;
				TARGETED_DEVICE_FAMILY = "1,2";
			};
			name = Release;
		};
/* End XCBuildConfiguration section */

/* Begin XCConfigurationList section */
		262A842D27B83DBC00B2DD65 /* Build configuration list for PBXProject "HomeWork (AuthWindow)" */ = {
			isa = XCConfigurationList;
			buildConfigurations = (
				262A844427B83DBE00B2DD65 /* Debug */,
				262A844527B83DBE00B2DD65 /* Release */,
			);
			defaultConfigurationIsVisible = 0;
			defaultConfigurationName = Release;
		};
		262A844627B83DBE00B2DD65 /* Build configuration list for PBXNativeTarget "HomeWork (AuthWindow)" */ = {
			isa = XCConfigurationList;
			buildConfigurations = (
				262A844727B83DBE00B2DD65 /* Debug */,
				262A844827B83DBE00B2DD65 /* Release */,
			);
			defaultConfigurationIsVisible = 0;
			defaultConfigurationName = Release;
		};
/* End XCConfigurationList section */
	};
	rootObject = 262A842A27B83DBC00B2DD65 /* Project object */;
}
